
Microsoft Visual Studio Solution File, Format Version 12.00
# Visual Studio Version 17
VisualStudioVersion = 17.0.31919.166
MinimumVisualStudioVersion = 10.0.40219.1
Project("{9A19103F-16F7-4668-BE54-9A1E7A4F7556}") = "test", "test\test.csproj", "{82C7F9A9-6BB0-4B9E-8AF6-1ACB7E905B44}"
EndProject
Project("{FAE04EC0-301F-11D3-BF4B-00C04F79EFBC}") = "WindowsFormsApp1", "WindowsFormsApp1\WindowsFormsApp1.csproj", "{4FC1B84E-BB63-4A93-9FAE-6FADDC0A1A5D}"
EndProject
Project("{FAE04EC0-301F-11D3-BF4B-00C04F79EFBC}") = "ConsoleApp1", "ConsoleApp1\ConsoleApp1.csproj", "{1E9EA7B9-CA36-457A-9CD1-45FA752D3B25}"
EndProject
Project("{FAE04EC0-301F-11D3-BF4B-00C04F79EFBC}") = "WpfApp2", "WpfApp2\WpfApp2.csproj", "{C43E82A8-E784-490A-8A17-19B13FF69423}"
EndProject
Project("{FAE04EC0-301F-11D3-BF4B-00C04F79EFBC}") = "WpfApp3", "WpfApp3\WpfApp3.csproj", "{E140E9A1-099D-4711-870B-C388EDA598AF}"
EndProject
Global
	GlobalSection(SolutionConfigurationPlatforms) = preSolution
		Debug|Any CPU = Debug|Any CPU
		Release|Any CPU = Release|Any CPU
	EndGlobalSection
	GlobalSection(ProjectConfigurationPlatforms) = postSolution
		{82C7F9A9-6BB0-4B9E-8AF6-1ACB7E905B44}.Debug|Any CPU.ActiveCfg = Debug|Any CPU
		{82C7F9A9-6BB0-4B9E-8AF6-1ACB7E905B44}.Debug|Any CPU.Build.0 = Debug|Any CPU
		{82C7F9A9-6BB0-4B9E-8AF6-1ACB7E905B44}.Release|Any CPU.ActiveCfg = Release|Any CPU
		{82C7F9A9-6BB0-4B9E-8AF6-1ACB7E905B44}.Release|Any CPU.Build.0 = Release|Any CPU
		{4FC1B84E-BB63-4A93-9FAE-6FADDC0A1A5D}.Debug|Any CPU.ActiveCfg = Debug|Any CPU
		{4FC1B84E-BB63-4A93-9FAE-6FADDC0A1A5D}.Debug|Any CPU.Build.0 = Debug|Any CPU
		{4FC1B84E-BB63-4A93-9FAE-6FADDC0A1A5D}.Release|Any CPU.ActiveCfg = Release|Any CPU
		{4FC1B84E-BB63-4A93-9FAE-6FADDC0A1A5D}.Release|Any CPU.Build.0 = Release|Any CPU
		{1E9EA7B9-CA36-457A-9CD1-45FA752D3B25}.Debug|Any CPU.ActiveCfg = Debug|Any CPU
		{1E9EA7B9-CA36-457A-9CD1-45FA752D3B25}.Debug|Any CPU.Build.0 = Debug|Any CPU
		{1E9EA7B9-CA36-457A-9CD1-45FA752D3B25}.Release|Any CPU.ActiveCfg = Release|Any CPU
		{1E9EA7B9-CA36-457A-9CD1-45FA752D3B25}.Release|Any CPU.Build.0 = Release|Any CPU
		{C43E82A8-E784-490A-8A17-19B13FF69423}.Debug|Any CPU.ActiveCfg = Debug|Any CPU
		{C43E82A8-E784-490A-8A17-19B13FF69423}.Debug|Any CPU.Build.0 = Debug|Any CPU
		{C43E82A8-E784-490A-8A17-19B13FF69423}.Release|Any CPU.ActiveCfg = Release|Any CPU
		{C43E82A8-E784-490A-8A17-19B13FF69423}.Release|Any CPU.Build.0 = Release|Any CPU
		{E140E9A1-099D-4711-870B-C388EDA598AF}.Debug|Any CPU.ActiveCfg = Debug|Any CPU
		{E140E9A1-099D-4711-870B-C388EDA598AF}.Debug|Any CPU.Build.0 = Debug|Any CPU
		{E140E9A1-099D-4711-870B-C388EDA598AF}.Release|Any CPU.ActiveCfg = Release|Any CPU
		{E140E9A1-099D-4711-870B-C388EDA598AF}.Release|Any CPU.Build.0 = Release|Any CPU
	EndGlobalSection
	GlobalSection(SolutionProperties) = preSolution
		HideSolutionNode = FALSE
	EndGlobalSection
	GlobalSection(ExtensibilityGlobals) = postSolution
		SolutionGuid = {CB71010A-4C49-4ED7-961E-23D105D5F28C}
	EndGlobalSection
EndGlobal
