
Microsoft Visual Studio Solution File, Format Version 12.00
# Visual Studio Version 17
VisualStudioVersion = 17.0.31919.166
MinimumVisualStudioVersion = 10.0.40219.1
Project("{FAE04EC0-301F-11D3-BF4B-00C04F79EFBC}") = "WpfApp2", "WpfApp2\WpfApp2.csproj", "{C43E82A8-E784-490A-8A17-19B13FF69423}"
EndProject
Project("{FAE04EC0-301F-11D3-BF4B-00C04F79EFBC}") = "WpfApp3", "WpfApp3\WpfApp3.csproj", "{E140E9A1-099D-4711-870B-C388EDA598AF}"
EndProject
Project("{9A19103F-16F7-4668-BE54-9A1E7A4F7556}") = "WpfOCR", "WpfOCR\WpfOCR.csproj", "{A5FD9521-EF1D-4282-9150-6516B43BBF8C}"
EndProject
Project("{FAE04EC0-301F-11D3-BF4B-00C04F79EFBC}") = "侧边导航菜单", "侧边导航菜单\侧边导航菜单.csproj", "{7AD9765D-69E6-4184-88A3-8BE8CDAD5D90}"
EndProject
Global
	GlobalSection(SolutionConfigurationPlatforms) = preSolution
		Debug|Any CPU = Debug|Any CPU
		Release|Any CPU = Release|Any CPU
	EndGlobalSection
	GlobalSection(ProjectConfigurationPlatforms) = postSolution
		{C43E82A8-E784-490A-8A17-19B13FF69423}.Debug|Any CPU.ActiveCfg = Debug|Any CPU
		{C43E82A8-E784-490A-8A17-19B13FF69423}.Debug|Any CPU.Build.0 = Debug|Any CPU
		{C43E82A8-E784-490A-8A17-19B13FF69423}.Release|Any CPU.ActiveCfg = Release|Any CPU
		{C43E82A8-E784-490A-8A17-19B13FF69423}.Release|Any CPU.Build.0 = Release|Any CPU
		{E140E9A1-099D-4711-870B-C388EDA598AF}.Debug|Any CPU.ActiveCfg = Debug|Any CPU
		{E140E9A1-099D-4711-870B-C388EDA598AF}.Debug|Any CPU.Build.0 = Debug|Any CPU
		{E140E9A1-099D-4711-870B-C388EDA598AF}.Release|Any CPU.ActiveCfg = Release|Any CPU
		{E140E9A1-099D-4711-870B-C388EDA598AF}.Release|Any CPU.Build.0 = Release|Any CPU
		{A5FD9521-EF1D-4282-9150-6516B43BBF8C}.Debug|Any CPU.ActiveCfg = Debug|Any CPU
		{A5FD9521-EF1D-4282-9150-6516B43BBF8C}.Debug|Any CPU.Build.0 = Debug|Any CPU
		{A5FD9521-EF1D-4282-9150-6516B43BBF8C}.Release|Any CPU.ActiveCfg = Release|Any CPU
		{A5FD9521-EF1D-4282-9150-6516B43BBF8C}.Release|Any CPU.Build.0 = Release|Any CPU
		{7AD9765D-69E6-4184-88A3-8BE8CDAD5D90}.Debug|Any CPU.ActiveCfg = Debug|Any CPU
		{7AD9765D-69E6-4184-88A3-8BE8CDAD5D90}.Debug|Any CPU.Build.0 = Debug|Any CPU
		{7AD9765D-69E6-4184-88A3-8BE8CDAD5D90}.Release|Any CPU.ActiveCfg = Release|Any CPU
		{7AD9765D-69E6-4184-88A3-8BE8CDAD5D90}.Release|Any CPU.Build.0 = Release|Any CPU
	EndGlobalSection
	GlobalSection(SolutionProperties) = preSolution
		HideSolutionNode = FALSE
	EndGlobalSection
	GlobalSection(ExtensibilityGlobals) = postSolution
		SolutionGuid = {CB71010A-4C49-4ED7-961E-23D105D5F28C}
	EndGlobalSection
EndGlobal
